
Microsoft Visual Studio Solution File, Format Version 12.00
# Visual Studio Version 17
VisualStudioVersion = 17.11.35327.3
MinimumVisualStudioVersion = 10.0.40219.1
Project("{8BC9CEB8-8B4A-11D0-8D11-00A0C91BC942}") = "lab7l", "lab7l\lab7l.vcxproj", "{032E0F86-E914-46D9-8119-2ECF5FDDAE2E}"
EndProject
Global
	GlobalSection(SolutionConfigurationPlatforms) = preSolution
		Debug|x64 = Debug|x64
		Debug|x86 = Debug|x86
		Release|x64 = Release|x64
		Release|x86 = Release|x86
	EndGlobalSection
	GlobalSection(ProjectConfigurationPlatforms) = postSolution
		{032E0F86-E914-46D9-8119-2ECF5FDDAE2E}.Debug|x64.ActiveCfg = Debug|x64
		{032E0F86-E914-46D9-8119-2ECF5FDDAE2E}.Debug|x64.Build.0 = Debug|x64
		{032E0F86-E914-46D9-8119-2ECF5FDDAE2E}.Debug|x86.ActiveCfg = Debug|Win32
		{032E0F86-E914-46D9-8119-2ECF5FDDAE2E}.Debug|x86.Build.0 = Debug|Win32
		{032E0F86-E914-46D9-8119-2ECF5FDDAE2E}.Release|x64.ActiveCfg = Release|x64
		{032E0F86-E914-46D9-8119-2ECF5FDDAE2E}.Release|x64.Build.0 = Release|x64
		{032E0F86-E914-46D9-8119-2ECF5FDDAE2E}.Release|x86.ActiveCfg = Release|Win32
		{032E0F86-E914-46D9-8119-2ECF5FDDAE2E}.Release|x86.Build.0 = Release|Win32
	EndGlobalSection
	GlobalSection(SolutionProperties) = preSolution
		HideSolutionNode = FALSE
	EndGlobalSection
	GlobalSection(ExtensibilityGlobals) = postSolution
		SolutionGuid = {4FD82910-BAD1-4E41-8DBB-86E37E09BF22}
	EndGlobalSection
EndGlobal
